{
  "name": "homebridge-dlna",
  "version": "0.0.1",
  "lockfileVersion": 1,
  "requires": true,
  "dependencies": {
    "ascli": {
      "version": "0.3.0",
      "resolved": "https://registry.npmjs.org/ascli/-/ascli-0.3.0.tgz",
      "integrity": "sha1-XmYjDlIZ/j6JUqTvtPIPrllqgTo=",
      "requires": {
        "colour": "0.7.1",
        "optjs": "3.2.2"
      }
    },
    "bufferview": {
      "version": "1.0.1",
      "resolved": "https://registry.npmjs.org/bufferview/-/bufferview-1.0.1.tgz",
      "integrity": "sha1-ev10pF+Tf6QiodM4wIu/3HbNcl0="
    },
    "bytebuffer": {
      "version": "3.5.5",
      "resolved": "https://registry.npmjs.org/bytebuffer/-/bytebuffer-3.5.5.tgz",
      "integrity": "sha1-em+vGhNRSwg/H8+VQcTJv75+f9M=",
      "requires": {
        "bufferview": "1.0.1",
        "long": "2.4.0"
      }
    },
    "castv2": {
      "version": "0.1.9",
      "resolved": "https://registry.npmjs.org/castv2/-/castv2-0.1.9.tgz",
      "integrity": "sha1-0LD6sf0GsNnMpjaIZxbsEpOlkFo=",
      "requires": {
        "debug": "2.6.9",
        "protobufjs": "3.8.2"
      },
      "dependencies": {
        "debug": {
          "version": "2.6.9",
          "resolved": "https://registry.npmjs.org/debug/-/debug-2.6.9.tgz",
          "integrity": "sha512-bC7ElrdJaJnPbAP+1EotYvqZsb3ecl5wi6Bfi6BJTUcNowp6cvspg0jXznRTKDjm/E7AdgFBVeAPVMNcKGsHMA==",
          "requires": {
            "ms": "2.0.0"
          }
        }
      }
    },
    "castv2-client": {
      "version": "0.0.8",
      "resolved": "https://registry.npmjs.org/castv2-client/-/castv2-client-0.0.8.tgz",
      "integrity": "sha1-pHrfXMEFdeKnHzsF6ytyyNJru9w=",
      "requires": {
        "castv2": "0.1.9",
        "debug": "1.0.5"
      }
    },
    "colour": {
      "version": "0.7.1",
      "resolved": "https://registry.npmjs.org/colour/-/colour-0.7.1.tgz",
      "integrity": "sha1-nLFpkX7F0SwHNtPoaFdG3xyt93g="
    },
    "debug": {
      "version": "1.0.5",
      "resolved": "https://registry.npmjs.org/debug/-/debug-1.0.5.tgz",
      "integrity": "sha1-9yQSF0MPmd7EwrRz6rkiKOh0wqw=",
      "requires": {
        "ms": "2.0.0"
      }
    },
    "elementtree": {
      "version": "0.1.7",
      "resolved": "https://registry.npmjs.org/elementtree/-/elementtree-0.1.7.tgz",
      "integrity": "sha1-mskb5uUvtuYkTE5UpKw+2K6OKcA=",
      "requires": {
        "sax": "1.1.4"
      }
    },
    "fast-xml-parser": {
      "version": "3.12.0",
      "resolved": "https://registry.npmjs.org/fast-xml-parser/-/fast-xml-parser-3.12.0.tgz",
      "integrity": "sha512-7IcV+5z6uZoIgGi3GxJTt94V8DGONWk/nL6ynGJdy+Mg219o2nLXjZeB1WDQRL+MOBKMtVXofioFW1POEdahKQ==",
      "requires": {
        "nimnjs": "1.3.2"
      }
    },
    "long": {
      "version": "2.4.0",
      "resolved": "https://registry.npmjs.org/long/-/long-2.4.0.tgz",
      "integrity": "sha1-n6GAux2VAM3CnEFWdmoZleH0Uk8="
    },
    "ms": {
      "version": "2.0.0",
      "resolved": "https://registry.npmjs.org/ms/-/ms-2.0.0.tgz",
      "integrity": "sha1-VgiurfwAvmwpAd9fmGF4jeDVl8g="
    },
    "nimn-date-parser": {
      "version": "1.0.0",
      "resolved": "https://registry.npmjs.org/nimn-date-parser/-/nimn-date-parser-1.0.0.tgz",
      "integrity": "sha512-1Nf+x3EeMvHUiHsVuEhiZnwA8RMeOBVTQWfB1S2n9+i6PYCofHd2HRMD+WOHIHYshy4T4Gk8wQoCol7Hq3av8Q=="
    },
    "nimn_schema_builder": {
      "version": "1.1.0",
      "resolved": "https://registry.npmjs.org/nimn_schema_builder/-/nimn_schema_builder-1.1.0.tgz",
      "integrity": "sha512-DK5/B8CM4qwzG2URy130avcwPev4uO0ev836FbQyKo1ms6I9z/i6EJyiZ+d9xtgloxUri0W+5gfR8YbPq7SheA=="
    },
    "nimnjs": {
      "version": "1.3.2",
      "resolved": "https://registry.npmjs.org/nimnjs/-/nimnjs-1.3.2.tgz",
      "integrity": "sha512-TIOtI4iqkQrUM1tiM76AtTQem0c7e56SkDZ7sj1d1MfUsqRcq2ZWQvej/O+HBTZV7u/VKnwlKTDugK/75IRPPw==",
      "requires": {
        "nimn-date-parser": "1.0.0",
        "nimn_schema_builder": "1.1.0"
      }
    },
    "node-fetch": {
      "version": "2.2.0",
      "resolved": "https://registry.npmjs.org/node-fetch/-/node-fetch-2.2.0.tgz",
      "integrity": "sha512-OayFWziIxiHY8bCUyLX6sTpDH8Jsbp4FfYd1j1f7vZyfgkcOnAyM4oQR16f8a0s7Gl/viMGRey8eScYk4V4EZA=="
    },
    "nodecast-js": {
      "version": "1.0.3",
      "resolved": "https://registry.npmjs.org/nodecast-js/-/nodecast-js-1.0.3.tgz",
      "integrity": "sha1-DPtmIH4fwfFTgDkcM89l0b16xs4=",
      "requires": {
        "castv2-client": "0.0.8",
        "upnp-mediarenderer-client": "0.0.2"
      }
    },
    "optjs": {
      "version": "3.2.2",
      "resolved": "https://registry.npmjs.org/optjs/-/optjs-3.2.2.tgz",
      "integrity": "sha1-aabOicRCpEQDFBrS+bNwvVu29O4="
    },
    "protobufjs": {
      "version": "3.8.2",
      "resolved": "https://registry.npmjs.org/protobufjs/-/protobufjs-3.8.2.tgz",
      "integrity": "sha1-vIJuNMOvRpfo0K96Zp5NYSrtzRc=",
      "requires": {
        "ascli": "0.3.0",
        "bytebuffer": "3.5.5"
      }
    },
    "sax": {
      "version": "1.1.4",
      "resolved": "https://registry.npmjs.org/sax/-/sax-1.1.4.tgz",
      "integrity": "sha1-dLbTPJrh4AFRDxeakRaFiPGu2qk="
    },
    "upnp-device-client": {
      "version": "0.0.7",
      "resolved": "https://registry.npmjs.org/upnp-device-client/-/upnp-device-client-0.0.7.tgz",
      "integrity": "sha1-Gm3n+mcxxpFatL480AQbwfR8Wqs=",
      "requires": {
        "elementtree": "0.1.7"
      }
    },
    "upnp-mediarenderer-client": {
      "version": "0.0.2",
      "resolved": "https://registry.npmjs.org/upnp-mediarenderer-client/-/upnp-mediarenderer-client-0.0.2.tgz",
      "integrity": "sha1-fSo4aKaTpUhsEQudfR7r/Vgoa4c=",
      "requires": {
        "upnp-device-client": "0.0.7"
      }
    }
  }
}
